
Microsoft Visual Studio Solution File, Format Version 12.00
# Visual Studio Version 17
VisualStudioVersion = 17.0.31903.59
MinimumVisualStudioVersion = 10.0.40219.1
Project("{F2A71F9B-5D33-465A-A702-920D77279786}") = "Dustech.IpMailer.App", "Dustech.IpMailer.App\Dustech.IpMailer.App.fsproj", "{02D353D8-4766-4629-B96B-DB1D67B32F98}"
EndProject
Global
	GlobalSection(SolutionConfigurationPlatforms) = preSolution
		Debug|Any CPU = Debug|Any CPU
		Release|Any CPU = Release|Any CPU
	EndGlobalSection
	GlobalSection(SolutionProperties) = preSolution
		HideSolutionNode = FALSE
	EndGlobalSection
	GlobalSection(ProjectConfigurationPlatforms) = postSolution
		{02D353D8-4766-4629-B96B-DB1D67B32F98}.Debug|Any CPU.ActiveCfg = Debug|Any CPU
		{02D353D8-4766-4629-B96B-DB1D67B32F98}.Debug|Any CPU.Build.0 = Debug|Any CPU
		{02D353D8-4766-4629-B96B-DB1D67B32F98}.Release|Any CPU.ActiveCfg = Release|Any CPU
		{02D353D8-4766-4629-B96B-DB1D67B32F98}.Release|Any CPU.Build.0 = Release|Any CPU
	EndGlobalSection
EndGlobal
